
Microsoft Visual Studio Solution File, Format Version 12.00
# Visual Studio Version 17
VisualStudioVersion = 17.0.31903.59
MinimumVisualStudioVersion = 10.0.40219.1
Project("{2150E333-8FDC-42A3-9474-1A3956D46DE8}") = "src", "src", "{2E72B84F-CDE4-4EBB-98E4-143CA3BFE3BC}"
EndProject
Project("{FAE04EC0-301F-11D3-BF4B-00C04F79EFBC}") = "CoperativeTelouet.Domain", "src\CoperativeTelouet.Domain\CoperativeTelouet.Domain.csproj", "{72652E1E-049F-4146-9421-58FFEE83504E}"
EndProject
Project("{FAE04EC0-301F-11D3-BF4B-00C04F79EFBC}") = "CoperativeTelouet.DataAccess", "src\CoperativeTelouet.DataAccess\CoperativeTelouet.DataAccess.csproj", "{17664DBC-C36A-432D-AA48-79D6DF39A9E1}"
EndProject
Project("{FAE04EC0-301F-11D3-BF4B-00C04F79EFBC}") = "CoperativeTelouet.Business", "src\CoperativeTelouet.Business\CoperativeTelouet.Business.csproj", "{AACE4425-DCB1-485A-AE6A-7FE6E7BB8C74}"
EndProject
Global
	GlobalSection(SolutionConfigurationPlatforms) = preSolution
		Debug|Any CPU = Debug|Any CPU
		Release|Any CPU = Release|Any CPU
	EndGlobalSection
	GlobalSection(SolutionProperties) = preSolution
		HideSolutionNode = FALSE
	EndGlobalSection
	GlobalSection(ProjectConfigurationPlatforms) = postSolution
		{72652E1E-049F-4146-9421-58FFEE83504E}.Debug|Any CPU.ActiveCfg = Debug|Any CPU
		{72652E1E-049F-4146-9421-58FFEE83504E}.Debug|Any CPU.Build.0 = Debug|Any CPU
		{72652E1E-049F-4146-9421-58FFEE83504E}.Release|Any CPU.ActiveCfg = Release|Any CPU
		{72652E1E-049F-4146-9421-58FFEE83504E}.Release|Any CPU.Build.0 = Release|Any CPU
		{17664DBC-C36A-432D-AA48-79D6DF39A9E1}.Debug|Any CPU.ActiveCfg = Debug|Any CPU
		{17664DBC-C36A-432D-AA48-79D6DF39A9E1}.Debug|Any CPU.Build.0 = Debug|Any CPU
		{17664DBC-C36A-432D-AA48-79D6DF39A9E1}.Release|Any CPU.ActiveCfg = Release|Any CPU
		{17664DBC-C36A-432D-AA48-79D6DF39A9E1}.Release|Any CPU.Build.0 = Release|Any CPU
		{AACE4425-DCB1-485A-AE6A-7FE6E7BB8C74}.Debug|Any CPU.ActiveCfg = Debug|Any CPU
		{AACE4425-DCB1-485A-AE6A-7FE6E7BB8C74}.Debug|Any CPU.Build.0 = Debug|Any CPU
		{AACE4425-DCB1-485A-AE6A-7FE6E7BB8C74}.Release|Any CPU.ActiveCfg = Release|Any CPU
		{AACE4425-DCB1-485A-AE6A-7FE6E7BB8C74}.Release|Any CPU.Build.0 = Release|Any CPU
	EndGlobalSection
	GlobalSection(NestedProjects) = preSolution
		{72652E1E-049F-4146-9421-58FFEE83504E} = {2E72B84F-CDE4-4EBB-98E4-143CA3BFE3BC}
		{17664DBC-C36A-432D-AA48-79D6DF39A9E1} = {2E72B84F-CDE4-4EBB-98E4-143CA3BFE3BC}
		{AACE4425-DCB1-485A-AE6A-7FE6E7BB8C74} = {2E72B84F-CDE4-4EBB-98E4-143CA3BFE3BC}
	EndGlobalSection
EndGlobal
